
Microsoft Visual Studio Solution File, Format Version 12.00
# Visual Studio Version 16
VisualStudioVersion = 16.0.810.4
MinimumVisualStudioVersion = 10.0.40219.1
Project("{FAE04EC0-301F-11D3-BF4B-00C04F79EFBC}") = "WebSite", "WebSite\WebSite.csproj", "{32381428-7163-4E50-AF0E-780765A7FA80}"
EndProject
Global
	GlobalSection(SolutionConfigurationPlatforms) = preSolution
		Debug|Any CPU = Debug|Any CPU
		Release|Any CPU = Release|Any CPU
	EndGlobalSection
	GlobalSection(ProjectConfigurationPlatforms) = postSolution
		{32381428-7163-4E50-AF0E-780765A7FA80}.Debug|Any CPU.ActiveCfg = Debug|Any CPU
		{32381428-7163-4E50-AF0E-780765A7FA80}.Debug|Any CPU.Build.0 = Debug|Any CPU
		{32381428-7163-4E50-AF0E-780765A7FA80}.Release|Any CPU.ActiveCfg = Release|Any CPU
		{32381428-7163-4E50-AF0E-780765A7FA80}.Release|Any CPU.Build.0 = Release|Any CPU
	EndGlobalSection
	GlobalSection(SolutionProperties) = preSolution
		HideSolutionNode = FALSE
	EndGlobalSection
	GlobalSection(ExtensibilityGlobals) = postSolution
		SolutionGuid = {A21B8C3B-2EDC-45DD-8F82-5C2F50364FFF}
	EndGlobalSection
EndGlobal
